{
  "name": "@geeeger/fn-arr-map-each",
  "version": "0.0.4",
  "lockfileVersion": 1,
  "requires": true,
  "dependencies": {
    "typescript": {
      "version": "4.0.2",
      "resolved": "https://registry.npm.taobao.org/typescript/download/typescript-4.0.2.tgz",
      "integrity": "sha1-fqfIh3fHI8aB4zv3mIvl0AjQWsI=",
      "dev": true
    }
  }
}
