{
	"name": "@geeeger/fn-arr-map-each",
	"version": "0.0.3",
	"lockfileVersion": 1,
	"requires": true,
	"dependencies": {
		"typescript": {
			"version": "3.9.7",
			"resolved": "https://registry.npm.taobao.org/typescript/download/typescript-3.9.7.tgz",
			"integrity": "sha1-mNYApevcOPQMsndSLxLcgA6eJfo=",
			"dev": true
		}
	}
}
