{
	"name": "@geeeger/fn-svg-to-dataurl",
	"version": "0.0.8",
	"lockfileVersion": 1,
	"requires": true,
	"dependencies": {
		"@geeeger/fn-curry-it": {
			"version": "0.0.8",
			"resolved": "https://registry.npmjs.org/@geeeger/fn-curry-it/-/fn-curry-it-0.0.8.tgz",
			"integrity": "sha512-8sZ0SHQ251vaz7tcjZdINWOQnkM19AtOGpl6ypXZNzN7P39wYyM996H/WVNa9HBSL6HdjqoZdN8i6IBdC32f5A=="
		},
		"@geeeger/fn-is": {
			"version": "0.0.8",
			"resolved": "https://registry.npmjs.org/@geeeger/fn-is/-/fn-is-0.0.8.tgz",
			"integrity": "sha512-pnomUBWeaWeUwsrQjWUCBbWJhC7FpZ4FwM3MYvO4oThjxG2aClX2zgY4jxqAzKN5xTyoehrhXJPDABm2PH9pMw=="
		},
		"typescript": {
			"version": "4.0.3",
			"resolved": "https://registry.npmjs.org/typescript/-/typescript-4.0.3.tgz",
			"integrity": "sha512-tEu6DGxGgRJPb/mVPIZ48e69xCn2yRmCgYmDugAVwmJ6o+0u1RI18eO7E7WBTLYLaEVVOhwQmcdhQHweux/WPg==",
			"dev": true
		}
	}
}
