{
	"name": "@geeeger/fn-svg-to-dataurl",
	"version": "0.0.10",
	"lockfileVersion": 1,
	"requires": true,
	"dependencies": {
		"@geeeger/fn-curry-it": {
			"version": "0.0.10",
			"resolved": "https://registry.npmjs.org/@geeeger/fn-curry-it/-/fn-curry-it-0.0.10.tgz",
			"integrity": "sha512-GqjH1tPw2OQF94XiQEzwXLJLkfGi7T/mbWae0ZX5Sv+o0ik57nU6zni3BWxPG3GlX0MrWAdtcusVdX0enoJqaw=="
		},
		"@geeeger/fn-is": {
			"version": "0.0.10",
			"resolved": "https://registry.npmjs.org/@geeeger/fn-is/-/fn-is-0.0.10.tgz",
			"integrity": "sha512-j3ToRzKYOgoNfgyk4Lc5DNj8FGedu55SZtt6BecqEyg4VzKjpxzl0NRb82zE6Ub9p3oBaFBCs2zYiebFfycKhA=="
		},
		"typescript": {
			"version": "4.2.4",
			"resolved": "https://registry.npmjs.org/typescript/-/typescript-4.2.4.tgz",
			"integrity": "sha512-V+evlYHZnQkaz8TRBuxTA92yZBPotr5H+WhQ7bD3hZUndx5tGOa1fuCgeSjxAzM1RiN5IzvadIXTVefuuwZCRg==",
			"dev": true
		}
	}
}
