{
	"name": "@geeeger/fn-prop-is-exist",
	"version": "0.0.10",
	"lockfileVersion": 1,
	"requires": true,
	"dependencies": {
		"@geeeger/fn-is": {
			"version": "0.0.10",
			"resolved": "https://registry.npmjs.org/@geeeger/fn-is/-/fn-is-0.0.10.tgz",
			"integrity": "sha512-j3ToRzKYOgoNfgyk4Lc5DNj8FGedu55SZtt6BecqEyg4VzKjpxzl0NRb82zE6Ub9p3oBaFBCs2zYiebFfycKhA=="
		},
		"typescript": {
			"version": "5.4.3",
			"resolved": "https://registry.npmjs.org/typescript/-/typescript-5.4.3.tgz",
			"integrity": "sha512-KrPd3PKaCLr78MalgiwJnA25Nm8HAmdwN3mYUYZgG/wizIo9EainNVQI9/yDavtVFRN2h3k8uf3GLHuhDMgEHg==",
			"dev": true
		}
	}
}
